
Microsoft Visual Studio Solution File, Format Version 10.00
# Visual Studio 2008
Project("{8BC9CEB8-8B4A-11D0-8D11-00A0C91BC942}") = "UIRS_2", "UIRS_2\UIRS_2.vcproj", "{16231D7D-1BBC-44A6-B7BA-EA64B6EB618B}"
EndProject
Global
	GlobalSection(SolutionConfigurationPlatforms) = preSolution
		Debug|Win32 = Debug|Win32
		Release|Win32 = Release|Win32
	EndGlobalSection
	GlobalSection(ProjectConfigurationPlatforms) = postSolution
		{16231D7D-1BBC-44A6-B7BA-EA64B6EB618B}.Debug|Win32.ActiveCfg = Debug|Win32
		{16231D7D-1BBC-44A6-B7BA-EA64B6EB618B}.Debug|Win32.Build.0 = Debug|Win32
		{16231D7D-1BBC-44A6-B7BA-EA64B6EB618B}.Release|Win32.ActiveCfg = Release|Win32
		{16231D7D-1BBC-44A6-B7BA-EA64B6EB618B}.Release|Win32.Build.0 = Release|Win32
	EndGlobalSection
	GlobalSection(SolutionProperties) = preSolution
		HideSolutionNode = FALSE
	EndGlobalSection
EndGlobal
